// !$*UTF8*$!
{
	archiveVersion = 1;
	classes = {
	};
	objectVersion = 50;
	objects = {

/* Begin PBXBuildFile section */
		AB35DD2321E2AFE100A690C3 /* celdas@2x.png in Resources */ = {isa = PBXBuildFile; fileRef = AB35DD2221E2AFDF00A690C3 /* celdas@2x.png */; };
		ABA1DD5821D6AB53003354E7 /* AppDelegate.swift in Sources */ = {isa = PBXBuildFile; fileRef = ABA1DD5721D6AB53003354E7 /* AppDelegate.swift */; };
		ABA1DD5A21D6AB53003354E7 /* ViewController.swift in Sources */ = {isa = PBXBuildFile; fileRef = ABA1DD5921D6AB53003354E7 /* ViewController.swift */; };
		ABA1DD5D21D6AB53003354E7 /* Main.storyboard in Resources */ = {isa = PBXBuildFile; fileRef = ABA1DD5B21D6AB53003354E7 /* Main.storyboard */; };
		ABA1DD5F21D6AB59003354E7 /* Assets.xcassets in Resources */ = {isa = PBXBuildFile; fileRef = ABA1DD5E21D6AB59003354E7 /* Assets.xcassets */; };
		ABA1DD6221D6AB59003354E7 /* LaunchScreen.storyboard in Resources */ = {isa = PBXBuildFile; fileRef = ABA1DD6021D6AB59003354E7 /* LaunchScreen.storyboard */; };
		ABA1DD6D21D6AD23003354E7 /* O.png in Resources */ = {isa = PBXBuildFile; fileRef = ABA1DD6921D6AD23003354E7 /* O.png */; };
		ABA1DD6E21D6AD23003354E7 /* X.png in Resources */ = {isa = PBXBuildFile; fileRef = ABA1DD6A21D6AD23003354E7 /* X.png */; };
		ABA26ADE21DD6B890021F465 /* JugarViewController.swift in Sources */ = {isa = PBXBuildFile; fileRef = ABA26ADD21DD6B890021F465 /* JugarViewController.swift */; };
		ABA26AE021DD6BAE0021F465 /* InstruccionesViewController.swift in Sources */ = {isa = PBXBuildFile; fileRef = ABA26ADF21DD6BAE0021F465 /* InstruccionesViewController.swift */; };
		ABA26AE221DD6BB90021F465 /* CreditosViewController.swift in Sources */ = {isa = PBXBuildFile; fileRef = ABA26AE121DD6BB90021F465 /* CreditosViewController.swift */; };
/* End PBXBuildFile section */

/* Begin PBXFileReference section */
		AB35DD2221E2AFDF00A690C3 /* celdas@2x.png */ = {isa = PBXFileReference; lastKnownFileType = image.png; path = "celdas@2x.png"; sourceTree = "<group>"; };
		ABA1DD5421D6AB53003354E7 /* ThirdApplication.app */ = {isa = PBXFileReference; explicitFileType = wrapper.application; includeInIndex = 0; path = ThirdApplication.app; sourceTree = BUILT_PRODUCTS_DIR; };
		ABA1DD5721D6AB53003354E7 /* AppDelegate.swift */ = {isa = PBXFileReference; lastKnownFileType = sourcecode.swift; path = AppDelegate.swift; sourceTree = "<group>"; };
		ABA1DD5921D6AB53003354E7 /* ViewController.swift */ = {isa = PBXFileReference; lastKnownFileType = sourcecode.swift; path = ViewController.swift; sourceTree = "<group>"; };
		ABA1DD5C21D6AB53003354E7 /* Base */ = {isa = PBXFileReference; lastKnownFileType = file.storyboard; name = Base; path = Base.lproj/Main.storyboard; sourceTree = "<group>"; };
		ABA1DD5E21D6AB59003354E7 /* Assets.xcassets */ = {isa = PBXFileReference; lastKnownFileType = folder.assetcatalog; path = Assets.xcassets; sourceTree = "<group>"; };
		ABA1DD6121D6AB59003354E7 /* Base */ = {isa = PBXFileReference; lastKnownFileType = file.storyboard; name = Base; path = Base.lproj/LaunchScreen.storyboard; sourceTree = "<group>"; };
		ABA1DD6321D6AB59003354E7 /* Info.plist */ = {isa = PBXFileReference; lastKnownFileType = text.plist.xml; path = Info.plist; sourceTree = "<group>"; };
		ABA1DD6921D6AD23003354E7 /* O.png */ = {isa = PBXFileReference; lastKnownFileType = image.png; path = O.png; sourceTree = "<group>"; };
		ABA1DD6A21D6AD23003354E7 /* X.png */ = {isa = PBXFileReference; lastKnownFileType = image.png; path = X.png; sourceTree = "<group>"; };
		ABA26ADD21DD6B890021F465 /* JugarViewController.swift */ = {isa = PBXFileReference; lastKnownFileType = sourcecode.swift; path = JugarViewController.swift; sourceTree = "<group>"; };
		ABA26ADF21DD6BAE0021F465 /* InstruccionesViewController.swift */ = {isa = PBXFileReference; lastKnownFileType = sourcecode.swift; path = InstruccionesViewController.swift; sourceTree = "<group>"; };
		ABA26AE121DD6BB90021F465 /* CreditosViewController.swift */ = {isa = PBXFileReference; lastKnownFileType = sourcecode.swift; path = CreditosViewController.swift; sourceTree = "<group>"; };
/* End PBXFileReference section */

/* Begin PBXFrameworksBuildPhase section */
		ABA1DD5121D6AB53003354E7 /* Frameworks */ = {
			isa = PBXFrameworksBuildPhase;
			buildActionMask = 2147483647;
			files = (
			);
			runOnlyForDeploymentPostprocessing = 0;
		};
/* End PBXFrameworksBuildPhase section */

/* Begin PBXGroup section */
		ABA1DD4B21D6AB53003354E7 = {
			isa = PBXGroup;
			children = (
				ABA1DD5621D6AB53003354E7 /* ThirdApplication */,
				ABA1DD5521D6AB53003354E7 /* Products */,
			);
			sourceTree = "<group>";
		};
		ABA1DD5521D6AB53003354E7 /* Products */ = {
			isa = PBXGroup;
			children = (
				ABA1DD5421D6AB53003354E7 /* ThirdApplication.app */,
			);
			name = Products;
			sourceTree = "<group>";
		};
		ABA1DD5621D6AB53003354E7 /* ThirdApplication */ = {
			isa = PBXGroup;
			children = (
				ABA1DD5721D6AB53003354E7 /* AppDelegate.swift */,
				ABA1DD5921D6AB53003354E7 /* ViewController.swift */,
				ABA1DD5B21D6AB53003354E7 /* Main.storyboard */,
				ABA26ADD21DD6B890021F465 /* JugarViewController.swift */,
				ABA26ADF21DD6BAE0021F465 /* InstruccionesViewController.swift */,
				ABA26AE121DD6BB90021F465 /* CreditosViewController.swift */,
				ABA1DD5E21D6AB59003354E7 /* Assets.xcassets */,
				ABA1DD6021D6AB59003354E7 /* LaunchScreen.storyboard */,
				ABA1DD6321D6AB59003354E7 /* Info.plist */,
				AB35DD2221E2AFDF00A690C3 /* celdas@2x.png */,
				ABA1DD6921D6AD23003354E7 /* O.png */,
				ABA1DD6A21D6AD23003354E7 /* X.png */,
			);
			path = ThirdApplication;
			sourceTree = "<group>";
		};
/* End PBXGroup section */

/* Begin PBXNativeTarget section */
		ABA1DD5321D6AB53003354E7 /* ThirdApplication */ = {
			isa = PBXNativeTarget;
			buildConfigurationList = ABA1DD6621D6AB59003354E7 /* Build configuration list for PBXNativeTarget "ThirdApplication" */;
			buildPhases = (
				ABA1DD5021D6AB53003354E7 /* Sources */,
				ABA1DD5121D6AB53003354E7 /* Frameworks */,
				ABA1DD5221D6AB53003354E7 /* Resources */,
			);
			buildRules = (
			);
			dependencies = (
			);
			name = ThirdApplication;
			productName = ThirdApplication;
			productReference = ABA1DD5421D6AB53003354E7 /* ThirdApplication.app */;
			productType = "com.apple.product-type.application";
		};
/* End PBXNativeTarget section */

/* Begin PBXProject section */
		ABA1DD4C21D6AB53003354E7 /* Project object */ = {
			isa = PBXProject;
			attributes = {
				LastSwiftUpdateCheck = 0940;
				LastUpgradeCheck = 0940;
				ORGANIZATIONNAME = "Fray Pineda";
				TargetAttributes = {
					ABA1DD5321D6AB53003354E7 = {
						CreatedOnToolsVersion = 9.4.1;
					};
				};
			};
			buildConfigurationList = ABA1DD4F21D6AB53003354E7 /* Build configuration list for PBXProject "ThirdApplication" */;
			compatibilityVersion = "Xcode 9.3";
			developmentRegion = en;
			hasScannedForEncodings = 0;
			knownRegions = (
				en,
				Base,
			);
			mainGroup = ABA1DD4B21D6AB53003354E7;
			productRefGroup = ABA1DD5521D6AB53003354E7 /* Products */;
			projectDirPath = "";
			projectRoot = "";
			targets = (
				ABA1DD5321D6AB53003354E7 /* ThirdApplication */,
			);
		};
/* End PBXProject section */

/* Begin PBXResourcesBuildPhase section */
		ABA1DD5221D6AB53003354E7 /* Resources */ = {
			isa = PBXResourcesBuildPhase;
			buildActionMask = 2147483647;
			files = (
				AB35DD2321E2AFE100A690C3 /* celdas@2x.png in Resources */,
				ABA1DD6221D6AB59003354E7 /* LaunchScreen.storyboard in Resources */,
				ABA1DD6E21D6AD23003354E7 /* X.png in Resources */,
				ABA1DD5F21D6AB59003354E7 /* Assets.xcassets in Resources */,
				ABA1DD5D21D6AB53003354E7 /* Main.storyboard in Resources */,
				ABA1DD6D21D6AD23003354E7 /* O.png in Resources */,
			);
			runOnlyForDeploymentPostprocessing = 0;
		};
/* End PBXResourcesBuildPhase section */

/* Begin PBXSourcesBuildPhase section */
		ABA1DD5021D6AB53003354E7 /* Sources */ = {
			isa = PBXSourcesBuildPhase;
			buildActionMask = 2147483647;
			files = (
				ABA26AE021DD6BAE0021F465 /* InstruccionesViewController.swift in Sources */,
				ABA1DD5A21D6AB53003354E7 /* ViewController.swift in Sources */,
				ABA1DD5821D6AB53003354E7 /* AppDelegate.swift in Sources */,
				ABA26ADE21DD6B890021F465 /* JugarViewController.swift in Sources */,
				ABA26AE221DD6BB90021F465 /* CreditosViewController.swift in Sources */,
			);
			runOnlyForDeploymentPostprocessing = 0;
		};
/* End PBXSourcesBuildPhase section */

/* Begin PBXVariantGroup section */
		ABA1DD5B21D6AB53003354E7 /* Main.storyboard */ = {
			isa = PBXVariantGroup;
			children = (
				ABA1DD5C21D6AB53003354E7 /* Base */,
			);
			name = Main.storyboard;
			sourceTree = "<group>";
		};
		ABA1DD6021D6AB59003354E7 /* LaunchScreen.storyboard */ = {
			isa = PBXVariantGroup;
			children = (
				ABA1DD6121D6AB59003354E7 /* Base */,
			);
			name = LaunchScreen.storyboard;
			sourceTree = "<group>";
		};
/* End PBXVariantGroup section */

/* Begin XCBuildConfiguration section */
		ABA1DD6421D6AB59003354E7 /* Debug */ = {
			isa = XCBuildConfiguration;
			buildSettings = {
				ALWAYS_SEARCH_USER_PATHS = NO;
				CLANG_ANALYZER_NONNULL = YES;
				CLANG_ANALYZER_NUMBER_OBJECT_CONVERSION = YES_AGGRESSIVE;
				CLANG_CXX_LANGUAGE_STANDARD = "gnu++14";
				CLANG_CXX_LIBRARY = "libc++";
				CLANG_ENABLE_MODULES = YES;
				CLANG_ENABLE_OBJC_ARC = YES;
				CLANG_ENABLE_OBJC_WEAK = YES;
				CLANG_WARN_BLOCK_CAPTURE_AUTORELEASING = YES;
				CLANG_WARN_BOOL_CONVERSION = YES;
				CLANG_WARN_COMMA = YES;
				CLANG_WARN_CONSTANT_CONVERSION = YES;
				CLANG_WARN_DEPRECATED_OBJC_IMPLEMENTATIONS = YES;
				CLANG_WARN_DIRECT_OBJC_ISA_USAGE = YES_ERROR;
				CLANG_WARN_DOCUMENTATION_COMMENTS = YES;
				CLANG_WARN_EMPTY_BODY = YES;
				CLANG_WARN_ENUM_CONVERSION = YES;
				CLANG_WARN_INFINITE_RECURSION = YES;
				CLANG_WARN_INT_CONVERSION = YES;
				CLANG_WARN_NON_LITERAL_NULL_CONVERSION = YES;
				CLANG_WARN_OBJC_IMPLICIT_RETAIN_SELF = YES;
				CLANG_WARN_OBJC_LITERAL_CONVERSION = YES;
				CLANG_WARN_OBJC_ROOT_CLASS = YES_ERROR;
				CLANG_WARN_RANGE_LOOP_ANALYSIS = YES;
				CLANG_WARN_STRICT_PROTOTYPES = YES;
				CLANG_WARN_SUSPICIOUS_MOVE = YES;
				CLANG_WARN_UNGUARDED_AVAILABILITY = YES_AGGRESSIVE;
				CLANG_WARN_UNREACHABLE_CODE = YES;
				CLANG_WARN__DUPLICATE_METHOD_MATCH = YES;
				CODE_SIGN_IDENTITY = "iPhone Developer";
				COPY_PHASE_STRIP = NO;
				DEBUG_INFORMATION_FORMAT = dwarf;
				ENABLE_STRICT_OBJC_MSGSEND = YES;
				ENABLE_TESTABILITY = YES;
				GCC_C_LANGUAGE_STANDARD = gnu11;
				GCC_DYNAMIC_NO_PIC = NO;
				GCC_NO_COMMON_BLOCKS = YES;
				GCC_OPTIMIZATION_LEVEL = 0;
				GCC_PREPROCESSOR_DEFINITIONS = (
					"DEBUG=1",
					"$(inherited)",
				);
				GCC_WARN_64_TO_32_BIT_CONVERSION = YES;
				GCC_WARN_ABOUT_RETURN_TYPE = YES_ERROR;
				GCC_WARN_UNDECLARED_SELECTOR = YES;
				GCC_WARN_UNINITIALIZED_AUTOS = YES_AGGRESSIVE;
				GCC_WARN_UNUSED_FUNCTION = YES;
				GCC_WARN_UNUSED_VARIABLE = YES;
				IPHONEOS_DEPLOYMENT_TARGET = 11.4;
				MTL_ENABLE_DEBUG_INFO = YES;
				ONLY_ACTIVE_ARCH = YES;
				SDKROOT = iphoneos;
				SWIFT_ACTIVE_COMPILATION_CONDITIONS = DEBUG;
				SWIFT_OPTIMIZATION_LEVEL = "-Onone";
			};
			name = Debug;
		};
		ABA1DD6521D6AB59003354E7 /* Release */ = {
			isa = XCBuildConfiguration;
			buildSettings = {
				ALWAYS_SEARCH_USER_PATHS = NO;
				CLANG_ANALYZER_NONNULL = YES;
				CLANG_ANALYZER_NUMBER_OBJECT_CONVERSION = YES_AGGRESSIVE;
				CLANG_CXX_LANGUAGE_STANDARD = "gnu++14";
				CLANG_CXX_LIBRARY = "libc++";
				CLANG_ENABLE_MODULES = YES;
				CLANG_ENABLE_OBJC_ARC = YES;
				CLANG_ENABLE_OBJC_WEAK = YES;
				CLANG_WARN_BLOCK_CAPTURE_AUTORELEASING = YES;
				CLANG_WARN_BOOL_CONVERSION = YES;
				CLANG_WARN_COMMA = YES;
				CLANG_WARN_CONSTANT_CONVERSION = YES;
				CLANG_WARN_DEPRECATED_OBJC_IMPLEMENTATIONS = YES;
				CLANG_WARN_DIRECT_OBJC_ISA_USAGE = YES_ERROR;
				CLANG_WARN_DOCUMENTATION_COMMENTS = YES;
				CLANG_WARN_EMPTY_BODY = YES;
				CLANG_WARN_ENUM_CONVERSION = YES;
				CLANG_WARN_INFINITE_RECURSION = YES;
				CLANG_WARN_INT_CONVERSION = YES;
				CLANG_WARN_NON_LITERAL_NULL_CONVERSION = YES;
				CLANG_WARN_OBJC_IMPLICIT_RETAIN_SELF = YES;
				CLANG_WARN_OBJC_LITERAL_CONVERSION = YES;
				CLANG_WARN_OBJC_ROOT_CLASS = YES_ERROR;
				CLANG_WARN_RANGE_LOOP_ANALYSIS = YES;
				CLANG_WARN_STRICT_PROTOTYPES = YES;
				CLANG_WARN_SUSPICIOUS_MOVE = YES;
				CLANG_WARN_UNGUARDED_AVAILABILITY = YES_AGGRESSIVE;
				CLANG_WARN_UNREACHABLE_CODE = YES;
				CLANG_WARN__DUPLICATE_METHOD_MATCH = YES;
				CODE_SIGN_IDENTITY = "iPhone Developer";
				COPY_PHASE_STRIP = NO;
				DEBUG_INFORMATION_FORMAT = "dwarf-with-dsym";
				ENABLE_NS_ASSERTIONS = NO;
				ENABLE_STRICT_OBJC_MSGSEND = YES;
				GCC_C_LANGUAGE_STANDARD = gnu11;
				GCC_NO_COMMON_BLOCKS = YES;
				GCC_WARN_64_TO_32_BIT_CONVERSION = YES;
				GCC_WARN_ABOUT_RETURN_TYPE = YES_ERROR;
				GCC_WARN_UNDECLARED_SELECTOR = YES;
				GCC_WARN_UNINITIALIZED_AUTOS = YES_AGGRESSIVE;
				GCC_WARN_UNUSED_FUNCTION = YES;
				GCC_WARN_UNUSED_VARIABLE = YES;
				IPHONEOS_DEPLOYMENT_TARGET = 11.4;
				MTL_ENABLE_DEBUG_INFO = NO;
				SDKROOT = iphoneos;
				SWIFT_COMPILATION_MODE = wholemodule;
				SWIFT_OPTIMIZATION_LEVEL = "-O";
				VALIDATE_PRODUCT = YES;
			};
			name = Release;
		};
		ABA1DD6721D6AB59003354E7 /* Debug */ = {
			isa = XCBuildConfiguration;
			buildSettings = {
				ASSETCATALOG_COMPILER_APPICON_NAME = AppIcon;
				CODE_SIGN_STYLE = Automatic;
				DEVELOPMENT_TEAM = A35C8K4BJS;
				INFOPLIST_FILE = ThirdApplication/Info.plist;
				IPHONEOS_DEPLOYMENT_TARGET = 10.0;
				LD_RUNPATH_SEARCH_PATHS = (
					"$(inherited)",
					"@executable_path/Frameworks",
				);
				PRODUCT_BUNDLE_IDENTIFIER = com.David.ThirdApplication;
				PRODUCT_NAME = "$(TARGET_NAME)";
				SWIFT_VERSION = 4.0;
				TARGETED_DEVICE_FAMILY = 1;
			};
			name = Debug;
		};
		ABA1DD6821D6AB59003354E7 /* Release */ = {
			isa = XCBuildConfiguration;
			buildSettings = {
				ASSETCATALOG_COMPILER_APPICON_NAME = AppIcon;
				CODE_SIGN_STYLE = Automatic;
				DEVELOPMENT_TEAM = A35C8K4BJS;
				INFOPLIST_FILE = ThirdApplication/Info.plist;
				IPHONEOS_DEPLOYMENT_TARGET = 10.0;
				LD_RUNPATH_SEARCH_PATHS = (
					"$(inherited)",
					"@executable_path/Frameworks",
				);
				PRODUCT_BUNDLE_IDENTIFIER = com.David.ThirdApplication;
				PRODUCT_NAME = "$(TARGET_NAME)";
				SWIFT_VERSION = 4.0;
				TARGETED_DEVICE_FAMILY = 1;
			};
			name = Release;
		};
/* End XCBuildConfiguration section */

/* Begin XCConfigurationList section */
		ABA1DD4F21D6AB53003354E7 /* Build configuration list for PBXProject "ThirdApplication" */ = {
			isa = XCConfigurationList;
			buildConfigurations = (
				ABA1DD6421D6AB59003354E7 /* Debug */,
				ABA1DD6521D6AB59003354E7 /* Release */,
			);
			defaultConfigurationIsVisible = 0;
			defaultConfigurationName = Release;
		};
		ABA1DD6621D6AB59003354E7 /* Build configuration list for PBXNativeTarget "ThirdApplication" */ = {
			isa = XCConfigurationList;
			buildConfigurations = (
				ABA1DD6721D6AB59003354E7 /* Debug */,
				ABA1DD6821D6AB59003354E7 /* Release */,
			);
			defaultConfigurationIsVisible = 0;
			defaultConfigurationName = Release;
		};
/* End XCConfigurationList section */
	};
	rootObject = ABA1DD4C21D6AB53003354E7 /* Project object */;
}
